
Microsoft Visual Studio Solution File, Format Version 12.00
# Visual Studio Version 16
VisualStudioVersion = 16.0.30804.86
MinimumVisualStudioVersion = 10.0.40219.1
Project("{FAE04EC0-301F-11D3-BF4B-00C04F79EFBC}") = "ClassMetotDemo", "ClassMetotDemo\ClassMetotDemo.csproj", "{3E3815BA-BECE-46C3-8102-90FE7272E344}"
EndProject
Project("{2150E333-8FDC-42A3-9474-1A3956D46DE8}") = "Solution Items", "Solution Items", "{CEC39FB9-5458-47FA-B0D9-901FFEA4449E}"
	ProjectSection(SolutionItems) = preProject
		.editorconfig = .editorconfig
	EndProjectSection
EndProject
Global
	GlobalSection(SolutionConfigurationPlatforms) = preSolution
		Debug|Any CPU = Debug|Any CPU
		Release|Any CPU = Release|Any CPU
	EndGlobalSection
	GlobalSection(ProjectConfigurationPlatforms) = postSolution
		{3E3815BA-BECE-46C3-8102-90FE7272E344}.Debug|Any CPU.ActiveCfg = Debug|Any CPU
		{3E3815BA-BECE-46C3-8102-90FE7272E344}.Debug|Any CPU.Build.0 = Debug|Any CPU
		{3E3815BA-BECE-46C3-8102-90FE7272E344}.Release|Any CPU.ActiveCfg = Release|Any CPU
		{3E3815BA-BECE-46C3-8102-90FE7272E344}.Release|Any CPU.Build.0 = Release|Any CPU
	EndGlobalSection
	GlobalSection(SolutionProperties) = preSolution
		HideSolutionNode = FALSE
	EndGlobalSection
	GlobalSection(ExtensibilityGlobals) = postSolution
		SolutionGuid = {26BCC3CE-A8B7-4A30-8C39-C3121081BB95}
	EndGlobalSection
EndGlobal
